
Microsoft Visual Studio Solution File, Format Version 12.00
# Visual Studio Version 16
VisualStudioVersion = 16.0.28803.452
MinimumVisualStudioVersion = 10.0.40219.1
Project("{9A19103F-16F7-4668-BE54-9A1E7A4F7556}") = "PaymentGateway", "src\PaymentGateway\PaymentGateway.csproj", "{D3F84A2C-C2EE-4C84-961C-3B5715966BA9}"
EndProject
Project("{9A19103F-16F7-4668-BE54-9A1E7A4F7556}") = "PaymentGateway.Tests", "test\PaymentGateway.Tests\PaymentGateway.Tests.csproj", "{65221893-8CE7-4559-9A83-DC3F41EDDEF4}"
EndProject
Project("{2150E333-8FDC-42A3-9474-1A3956D46DE8}") = "SolutionItems", "SolutionItems", "{EFAD878C-DF67-45DA-B198-FD0E85DDEBC6}"
	ProjectSection(SolutionItems) = preProject
		docker-compose.test.yml = docker-compose.test.yml
		docker-compose.yml = docker-compose.yml
		Dockerfile = Dockerfile
	EndProjectSection
EndProject
Project("{FAE04EC0-301F-11D3-BF4B-00C04F79EFBC}") = "Acquirer.Client", "src\Acquirer.Client\Acquirer.Client.csproj", "{C28BC4C2-D6F4-42C8-AF5E-C1294AC09E54}"
EndProject
Project("{FAE04EC0-301F-11D3-BF4B-00C04F79EFBC}") = "Acquirer.Client.UnitTests", "test\Acquirer.Client.UnitTests\Acquirer.Client.UnitTests.csproj", "{056373EF-8A33-46CE-B281-4559A1E12C5D}"
EndProject
Global
	GlobalSection(SolutionConfigurationPlatforms) = preSolution
		Debug|Any CPU = Debug|Any CPU
		Release|Any CPU = Release|Any CPU
	EndGlobalSection
	GlobalSection(ProjectConfigurationPlatforms) = postSolution
		{D3F84A2C-C2EE-4C84-961C-3B5715966BA9}.Debug|Any CPU.ActiveCfg = Debug|Any CPU
		{D3F84A2C-C2EE-4C84-961C-3B5715966BA9}.Debug|Any CPU.Build.0 = Debug|Any CPU
		{D3F84A2C-C2EE-4C84-961C-3B5715966BA9}.Release|Any CPU.ActiveCfg = Release|Any CPU
		{D3F84A2C-C2EE-4C84-961C-3B5715966BA9}.Release|Any CPU.Build.0 = Release|Any CPU
		{65221893-8CE7-4559-9A83-DC3F41EDDEF4}.Debug|Any CPU.ActiveCfg = Debug|Any CPU
		{65221893-8CE7-4559-9A83-DC3F41EDDEF4}.Debug|Any CPU.Build.0 = Debug|Any CPU
		{65221893-8CE7-4559-9A83-DC3F41EDDEF4}.Release|Any CPU.ActiveCfg = Release|Any CPU
		{65221893-8CE7-4559-9A83-DC3F41EDDEF4}.Release|Any CPU.Build.0 = Release|Any CPU
		{C28BC4C2-D6F4-42C8-AF5E-C1294AC09E54}.Debug|Any CPU.ActiveCfg = Debug|Any CPU
		{C28BC4C2-D6F4-42C8-AF5E-C1294AC09E54}.Debug|Any CPU.Build.0 = Debug|Any CPU
		{C28BC4C2-D6F4-42C8-AF5E-C1294AC09E54}.Release|Any CPU.ActiveCfg = Release|Any CPU
		{C28BC4C2-D6F4-42C8-AF5E-C1294AC09E54}.Release|Any CPU.Build.0 = Release|Any CPU
		{056373EF-8A33-46CE-B281-4559A1E12C5D}.Debug|Any CPU.ActiveCfg = Debug|Any CPU
		{056373EF-8A33-46CE-B281-4559A1E12C5D}.Debug|Any CPU.Build.0 = Debug|Any CPU
		{056373EF-8A33-46CE-B281-4559A1E12C5D}.Release|Any CPU.ActiveCfg = Release|Any CPU
		{056373EF-8A33-46CE-B281-4559A1E12C5D}.Release|Any CPU.Build.0 = Release|Any CPU
	EndGlobalSection
	GlobalSection(SolutionProperties) = preSolution
		HideSolutionNode = FALSE
	EndGlobalSection
	GlobalSection(ExtensibilityGlobals) = postSolution
		SolutionGuid = {9FBD961B-A7A2-4887-8B08-05E0C730DDCB}
	EndGlobalSection
EndGlobal
